
Microsoft Visual Studio Solution File, Format Version 12.00
# Visual Studio Version 16
VisualStudioVersion = 16.0.31624.102
MinimumVisualStudioVersion = 10.0.40219.1
Project("{FAE04EC0-301F-11D3-BF4B-00C04F79EFBC}") = "OfficeControl.UWP", "OfficeControl\OfficeControl.UWP\OfficeControl.UWP.csproj", "{597D40B7-CBF0-48D9-BC45-6374F4E4CAE3}"
EndProject
Project("{FAE04EC0-301F-11D3-BF4B-00C04F79EFBC}") = "OfficeControl.Android", "OfficeControl\OfficeControl.Android\OfficeControl.Android.csproj", "{1056C925-757F-443C-BD00-CB9AFE6770B9}"
EndProject
Project("{FAE04EC0-301F-11D3-BF4B-00C04F79EFBC}") = "OfficeControl.iOS", "OfficeControl\OfficeControl.iOS\OfficeControl.iOS.csproj", "{2BA47CD8-39C5-4789-AA38-23DE6A2FE781}"
EndProject
Project("{FAE04EC0-301F-11D3-BF4B-00C04F79EFBC}") = "OfficeControl", "OfficeControl\OfficeControl\OfficeControl.csproj", "{07082D33-D6B9-4F81-B628-18D0A66E5CAC}"
EndProject
Global
	GlobalSection(SolutionConfigurationPlatforms) = preSolution
		Debug|Any CPU = Debug|Any CPU
		Debug|ARM = Debug|ARM
		Debug|iPhone = Debug|iPhone
		Debug|iPhoneSimulator = Debug|iPhoneSimulator
		Debug|x64 = Debug|x64
		Debug|x86 = Debug|x86
		Release|Any CPU = Release|Any CPU
		Release|ARM = Release|ARM
		Release|iPhone = Release|iPhone
		Release|iPhoneSimulator = Release|iPhoneSimulator
		Release|x64 = Release|x64
		Release|x86 = Release|x86
	EndGlobalSection
	GlobalSection(ProjectConfigurationPlatforms) = postSolution
		{597D40B7-CBF0-48D9-BC45-6374F4E4CAE3}.Debug|Any CPU.ActiveCfg = Debug|x86
		{597D40B7-CBF0-48D9-BC45-6374F4E4CAE3}.Debug|Any CPU.Build.0 = Debug|x86
		{597D40B7-CBF0-48D9-BC45-6374F4E4CAE3}.Debug|Any CPU.Deploy.0 = Debug|x86
		{597D40B7-CBF0-48D9-BC45-6374F4E4CAE3}.Debug|ARM.ActiveCfg = Debug|ARM
		{597D40B7-CBF0-48D9-BC45-6374F4E4CAE3}.Debug|ARM.Build.0 = Debug|ARM
		{597D40B7-CBF0-48D9-BC45-6374F4E4CAE3}.Debug|ARM.Deploy.0 = Debug|ARM
		{597D40B7-CBF0-48D9-BC45-6374F4E4CAE3}.Debug|iPhone.ActiveCfg = Debug|x86
		{597D40B7-CBF0-48D9-BC45-6374F4E4CAE3}.Debug|iPhone.Build.0 = Debug|x86
		{597D40B7-CBF0-48D9-BC45-6374F4E4CAE3}.Debug|iPhone.Deploy.0 = Debug|x86
		{597D40B7-CBF0-48D9-BC45-6374F4E4CAE3}.Debug|iPhoneSimulator.ActiveCfg = Debug|x86
		{597D40B7-CBF0-48D9-BC45-6374F4E4CAE3}.Debug|iPhoneSimulator.Build.0 = Debug|x86
		{597D40B7-CBF0-48D9-BC45-6374F4E4CAE3}.Debug|iPhoneSimulator.Deploy.0 = Debug|x86
		{597D40B7-CBF0-48D9-BC45-6374F4E4CAE3}.Debug|x64.ActiveCfg = Debug|x64
		{597D40B7-CBF0-48D9-BC45-6374F4E4CAE3}.Debug|x64.Build.0 = Debug|x64
		{597D40B7-CBF0-48D9-BC45-6374F4E4CAE3}.Debug|x64.Deploy.0 = Debug|x64
		{597D40B7-CBF0-48D9-BC45-6374F4E4CAE3}.Debug|x86.ActiveCfg = Debug|x86
		{597D40B7-CBF0-48D9-BC45-6374F4E4CAE3}.Debug|x86.Build.0 = Debug|x86
		{597D40B7-CBF0-48D9-BC45-6374F4E4CAE3}.Debug|x86.Deploy.0 = Debug|x86
		{597D40B7-CBF0-48D9-BC45-6374F4E4CAE3}.Release|Any CPU.ActiveCfg = Release|x86
		{597D40B7-CBF0-48D9-BC45-6374F4E4CAE3}.Release|Any CPU.Build.0 = Release|x86
		{597D40B7-CBF0-48D9-BC45-6374F4E4CAE3}.Release|Any CPU.Deploy.0 = Release|x86
		{597D40B7-CBF0-48D9-BC45-6374F4E4CAE3}.Release|ARM.ActiveCfg = Release|ARM
		{597D40B7-CBF0-48D9-BC45-6374F4E4CAE3}.Release|ARM.Build.0 = Release|ARM
		{597D40B7-CBF0-48D9-BC45-6374F4E4CAE3}.Release|ARM.Deploy.0 = Release|ARM
		{597D40B7-CBF0-48D9-BC45-6374F4E4CAE3}.Release|iPhone.ActiveCfg = Release|x86
		{597D40B7-CBF0-48D9-BC45-6374F4E4CAE3}.Release|iPhone.Build.0 = Release|x86
		{597D40B7-CBF0-48D9-BC45-6374F4E4CAE3}.Release|iPhone.Deploy.0 = Release|x86
		{597D40B7-CBF0-48D9-BC45-6374F4E4CAE3}.Release|iPhoneSimulator.ActiveCfg = Release|x86
		{597D40B7-CBF0-48D9-BC45-6374F4E4CAE3}.Release|iPhoneSimulator.Build.0 = Release|x86
		{597D40B7-CBF0-48D9-BC45-6374F4E4CAE3}.Release|iPhoneSimulator.Deploy.0 = Release|x86
		{597D40B7-CBF0-48D9-BC45-6374F4E4CAE3}.Release|x64.ActiveCfg = Release|x64
		{597D40B7-CBF0-48D9-BC45-6374F4E4CAE3}.Release|x64.Build.0 = Release|x64
		{597D40B7-CBF0-48D9-BC45-6374F4E4CAE3}.Release|x64.Deploy.0 = Release|x64
		{597D40B7-CBF0-48D9-BC45-6374F4E4CAE3}.Release|x86.ActiveCfg = Release|x86
		{597D40B7-CBF0-48D9-BC45-6374F4E4CAE3}.Release|x86.Build.0 = Release|x86
		{597D40B7-CBF0-48D9-BC45-6374F4E4CAE3}.Release|x86.Deploy.0 = Release|x86
		{1056C925-757F-443C-BD00-CB9AFE6770B9}.Debug|Any CPU.ActiveCfg = Debug|Any CPU
		{1056C925-757F-443C-BD00-CB9AFE6770B9}.Debug|Any CPU.Build.0 = Debug|Any CPU
		{1056C925-757F-443C-BD00-CB9AFE6770B9}.Debug|Any CPU.Deploy.0 = Debug|Any CPU
		{1056C925-757F-443C-BD00-CB9AFE6770B9}.Debug|ARM.ActiveCfg = Debug|Any CPU
		{1056C925-757F-443C-BD00-CB9AFE6770B9}.Debug|ARM.Build.0 = Debug|Any CPU
		{1056C925-757F-443C-BD00-CB9AFE6770B9}.Debug|ARM.Deploy.0 = Debug|Any CPU
		{1056C925-757F-443C-BD00-CB9AFE6770B9}.Debug|iPhone.ActiveCfg = Debug|Any CPU
		{1056C925-757F-443C-BD00-CB9AFE6770B9}.Debug|iPhone.Build.0 = Debug|Any CPU
		{1056C925-757F-443C-BD00-CB9AFE6770B9}.Debug|iPhone.Deploy.0 = Debug|Any CPU
		{1056C925-757F-443C-BD00-CB9AFE6770B9}.Debug|iPhoneSimulator.ActiveCfg = Debug|Any CPU
		{1056C925-757F-443C-BD00-CB9AFE6770B9}.Debug|iPhoneSimulator.Build.0 = Debug|Any CPU
		{1056C925-757F-443C-BD00-CB9AFE6770B9}.Debug|iPhoneSimulator.Deploy.0 = Debug|Any CPU
		{1056C925-757F-443C-BD00-CB9AFE6770B9}.Debug|x64.ActiveCfg = Debug|Any CPU
		{1056C925-757F-443C-BD00-CB9AFE6770B9}.Debug|x64.Build.0 = Debug|Any CPU
		{1056C925-757F-443C-BD00-CB9AFE6770B9}.Debug|x64.Deploy.0 = Debug|Any CPU
		{1056C925-757F-443C-BD00-CB9AFE6770B9}.Debug|x86.ActiveCfg = Debug|Any CPU
		{1056C925-757F-443C-BD00-CB9AFE6770B9}.Debug|x86.Build.0 = Debug|Any CPU
		{1056C925-757F-443C-BD00-CB9AFE6770B9}.Debug|x86.Deploy.0 = Debug|Any CPU
		{1056C925-757F-443C-BD00-CB9AFE6770B9}.Release|Any CPU.ActiveCfg = Release|Any CPU
		{1056C925-757F-443C-BD00-CB9AFE6770B9}.Release|Any CPU.Build.0 = Release|Any CPU
		{1056C925-757F-443C-BD00-CB9AFE6770B9}.Release|Any CPU.Deploy.0 = Release|Any CPU
		{1056C925-757F-443C-BD00-CB9AFE6770B9}.Release|ARM.ActiveCfg = Release|Any CPU
		{1056C925-757F-443C-BD00-CB9AFE6770B9}.Release|ARM.Build.0 = Release|Any CPU
		{1056C925-757F-443C-BD00-CB9AFE6770B9}.Release|ARM.Deploy.0 = Release|Any CPU
		{1056C925-757F-443C-BD00-CB9AFE6770B9}.Release|iPhone.ActiveCfg = Release|Any CPU
		{1056C925-757F-443C-BD00-CB9AFE6770B9}.Release|iPhone.Build.0 = Release|Any CPU
		{1056C925-757F-443C-BD00-CB9AFE6770B9}.Release|iPhone.Deploy.0 = Release|Any CPU
		{1056C925-757F-443C-BD00-CB9AFE6770B9}.Release|iPhoneSimulator.ActiveCfg = Release|Any CPU
		{1056C925-757F-443C-BD00-CB9AFE6770B9}.Release|iPhoneSimulator.Build.0 = Release|Any CPU
		{1056C925-757F-443C-BD00-CB9AFE6770B9}.Release|iPhoneSimulator.Deploy.0 = Release|Any CPU
		{1056C925-757F-443C-BD00-CB9AFE6770B9}.Release|x64.ActiveCfg = Release|Any CPU
		{1056C925-757F-443C-BD00-CB9AFE6770B9}.Release|x64.Build.0 = Release|Any CPU
		{1056C925-757F-443C-BD00-CB9AFE6770B9}.Release|x64.Deploy.0 = Release|Any CPU
		{1056C925-757F-443C-BD00-CB9AFE6770B9}.Release|x86.ActiveCfg = Release|Any CPU
		{1056C925-757F-443C-BD00-CB9AFE6770B9}.Release|x86.Build.0 = Release|Any CPU
		{1056C925-757F-443C-BD00-CB9AFE6770B9}.Release|x86.Deploy.0 = Release|Any CPU
		{2BA47CD8-39C5-4789-AA38-23DE6A2FE781}.Debug|Any CPU.ActiveCfg = Debug|iPhoneSimulator
		{2BA47CD8-39C5-4789-AA38-23DE6A2FE781}.Debug|Any CPU.Build.0 = Debug|iPhoneSimulator
		{2BA47CD8-39C5-4789-AA38-23DE6A2FE781}.Debug|Any CPU.Deploy.0 = Debug|iPhoneSimulator
		{2BA47CD8-39C5-4789-AA38-23DE6A2FE781}.Debug|ARM.ActiveCfg = Debug|iPhone
		{2BA47CD8-39C5-4789-AA38-23DE6A2FE781}.Debug|ARM.Build.0 = Debug|iPhone
		{2BA47CD8-39C5-4789-AA38-23DE6A2FE781}.Debug|ARM.Deploy.0 = Debug|iPhone
		{2BA47CD8-39C5-4789-AA38-23DE6A2FE781}.Debug|iPhone.ActiveCfg = Debug|iPhone
		{2BA47CD8-39C5-4789-AA38-23DE6A2FE781}.Debug|iPhone.Build.0 = Debug|iPhone
		{2BA47CD8-39C5-4789-AA38-23DE6A2FE781}.Debug|iPhone.Deploy.0 = Debug|iPhone
		{2BA47CD8-39C5-4789-AA38-23DE6A2FE781}.Debug|iPhoneSimulator.ActiveCfg = Debug|iPhoneSimulator
		{2BA47CD8-39C5-4789-AA38-23DE6A2FE781}.Debug|iPhoneSimulator.Build.0 = Debug|iPhoneSimulator
		{2BA47CD8-39C5-4789-AA38-23DE6A2FE781}.Debug|iPhoneSimulator.Deploy.0 = Debug|iPhoneSimulator
		{2BA47CD8-39C5-4789-AA38-23DE6A2FE781}.Debug|x64.ActiveCfg = Debug|iPhoneSimulator
		{2BA47CD8-39C5-4789-AA38-23DE6A2FE781}.Debug|x64.Build.0 = Debug|iPhoneSimulator
		{2BA47CD8-39C5-4789-AA38-23DE6A2FE781}.Debug|x64.Deploy.0 = Debug|iPhoneSimulator
		{2BA47CD8-39C5-4789-AA38-23DE6A2FE781}.Debug|x86.ActiveCfg = Debug|iPhoneSimulator
		{2BA47CD8-39C5-4789-AA38-23DE6A2FE781}.Debug|x86.Build.0 = Debug|iPhoneSimulator
		{2BA47CD8-39C5-4789-AA38-23DE6A2FE781}.Debug|x86.Deploy.0 = Debug|iPhoneSimulator
		{2BA47CD8-39C5-4789-AA38-23DE6A2FE781}.Release|Any CPU.ActiveCfg = Release|iPhoneSimulator
		{2BA47CD8-39C5-4789-AA38-23DE6A2FE781}.Release|Any CPU.Build.0 = Release|iPhoneSimulator
		{2BA47CD8-39C5-4789-AA38-23DE6A2FE781}.Release|Any CPU.Deploy.0 = Release|iPhoneSimulator
		{2BA47CD8-39C5-4789-AA38-23DE6A2FE781}.Release|ARM.ActiveCfg = Release|iPhoneSimulator
		{2BA47CD8-39C5-4789-AA38-23DE6A2FE781}.Release|ARM.Build.0 = Release|iPhoneSimulator
		{2BA47CD8-39C5-4789-AA38-23DE6A2FE781}.Release|ARM.Deploy.0 = Release|iPhoneSimulator
		{2BA47CD8-39C5-4789-AA38-23DE6A2FE781}.Release|iPhone.ActiveCfg = Release|iPhone
		{2BA47CD8-39C5-4789-AA38-23DE6A2FE781}.Release|iPhone.Build.0 = Release|iPhone
		{2BA47CD8-39C5-4789-AA38-23DE6A2FE781}.Release|iPhone.Deploy.0 = Release|iPhone
		{2BA47CD8-39C5-4789-AA38-23DE6A2FE781}.Release|iPhoneSimulator.ActiveCfg = Release|iPhoneSimulator
		{2BA47CD8-39C5-4789-AA38-23DE6A2FE781}.Release|iPhoneSimulator.Build.0 = Release|iPhoneSimulator
		{2BA47CD8-39C5-4789-AA38-23DE6A2FE781}.Release|iPhoneSimulator.Deploy.0 = Release|iPhoneSimulator
		{2BA47CD8-39C5-4789-AA38-23DE6A2FE781}.Release|x64.ActiveCfg = Release|iPhoneSimulator
		{2BA47CD8-39C5-4789-AA38-23DE6A2FE781}.Release|x64.Build.0 = Release|iPhoneSimulator
		{2BA47CD8-39C5-4789-AA38-23DE6A2FE781}.Release|x64.Deploy.0 = Release|iPhoneSimulator
		{2BA47CD8-39C5-4789-AA38-23DE6A2FE781}.Release|x86.ActiveCfg = Release|iPhoneSimulator
		{2BA47CD8-39C5-4789-AA38-23DE6A2FE781}.Release|x86.Build.0 = Release|iPhoneSimulator
		{2BA47CD8-39C5-4789-AA38-23DE6A2FE781}.Release|x86.Deploy.0 = Release|iPhoneSimulator
		{07082D33-D6B9-4F81-B628-18D0A66E5CAC}.Debug|Any CPU.ActiveCfg = Debug|Any CPU
		{07082D33-D6B9-4F81-B628-18D0A66E5CAC}.Debug|Any CPU.Build.0 = Debug|Any CPU
		{07082D33-D6B9-4F81-B628-18D0A66E5CAC}.Debug|Any CPU.Deploy.0 = Debug|Any CPU
		{07082D33-D6B9-4F81-B628-18D0A66E5CAC}.Debug|ARM.ActiveCfg = Debug|Any CPU
		{07082D33-D6B9-4F81-B628-18D0A66E5CAC}.Debug|ARM.Build.0 = Debug|Any CPU
		{07082D33-D6B9-4F81-B628-18D0A66E5CAC}.Debug|ARM.Deploy.0 = Debug|Any CPU
		{07082D33-D6B9-4F81-B628-18D0A66E5CAC}.Debug|iPhone.ActiveCfg = Debug|Any CPU
		{07082D33-D6B9-4F81-B628-18D0A66E5CAC}.Debug|iPhone.Build.0 = Debug|Any CPU
		{07082D33-D6B9-4F81-B628-18D0A66E5CAC}.Debug|iPhone.Deploy.0 = Debug|Any CPU
		{07082D33-D6B9-4F81-B628-18D0A66E5CAC}.Debug|iPhoneSimulator.ActiveCfg = Debug|Any CPU
		{07082D33-D6B9-4F81-B628-18D0A66E5CAC}.Debug|iPhoneSimulator.Build.0 = Debug|Any CPU
		{07082D33-D6B9-4F81-B628-18D0A66E5CAC}.Debug|iPhoneSimulator.Deploy.0 = Debug|Any CPU
		{07082D33-D6B9-4F81-B628-18D0A66E5CAC}.Debug|x64.ActiveCfg = Debug|Any CPU
		{07082D33-D6B9-4F81-B628-18D0A66E5CAC}.Debug|x64.Build.0 = Debug|Any CPU
		{07082D33-D6B9-4F81-B628-18D0A66E5CAC}.Debug|x64.Deploy.0 = Debug|Any CPU
		{07082D33-D6B9-4F81-B628-18D0A66E5CAC}.Debug|x86.ActiveCfg = Debug|Any CPU
		{07082D33-D6B9-4F81-B628-18D0A66E5CAC}.Debug|x86.Build.0 = Debug|Any CPU
		{07082D33-D6B9-4F81-B628-18D0A66E5CAC}.Debug|x86.Deploy.0 = Debug|Any CPU
		{07082D33-D6B9-4F81-B628-18D0A66E5CAC}.Release|Any CPU.ActiveCfg = Release|Any CPU
		{07082D33-D6B9-4F81-B628-18D0A66E5CAC}.Release|Any CPU.Build.0 = Release|Any CPU
		{07082D33-D6B9-4F81-B628-18D0A66E5CAC}.Release|Any CPU.Deploy.0 = Release|Any CPU
		{07082D33-D6B9-4F81-B628-18D0A66E5CAC}.Release|ARM.ActiveCfg = Release|Any CPU
		{07082D33-D6B9-4F81-B628-18D0A66E5CAC}.Release|ARM.Build.0 = Release|Any CPU
		{07082D33-D6B9-4F81-B628-18D0A66E5CAC}.Release|ARM.Deploy.0 = Release|Any CPU
		{07082D33-D6B9-4F81-B628-18D0A66E5CAC}.Release|iPhone.ActiveCfg = Release|Any CPU
		{07082D33-D6B9-4F81-B628-18D0A66E5CAC}.Release|iPhone.Build.0 = Release|Any CPU
		{07082D33-D6B9-4F81-B628-18D0A66E5CAC}.Release|iPhone.Deploy.0 = Release|Any CPU
		{07082D33-D6B9-4F81-B628-18D0A66E5CAC}.Release|iPhoneSimulator.ActiveCfg = Release|Any CPU
		{07082D33-D6B9-4F81-B628-18D0A66E5CAC}.Release|iPhoneSimulator.Build.0 = Release|Any CPU
		{07082D33-D6B9-4F81-B628-18D0A66E5CAC}.Release|iPhoneSimulator.Deploy.0 = Release|Any CPU
		{07082D33-D6B9-4F81-B628-18D0A66E5CAC}.Release|x64.ActiveCfg = Release|Any CPU
		{07082D33-D6B9-4F81-B628-18D0A66E5CAC}.Release|x64.Build.0 = Release|Any CPU
		{07082D33-D6B9-4F81-B628-18D0A66E5CAC}.Release|x64.Deploy.0 = Release|Any CPU
		{07082D33-D6B9-4F81-B628-18D0A66E5CAC}.Release|x86.ActiveCfg = Release|Any CPU
		{07082D33-D6B9-4F81-B628-18D0A66E5CAC}.Release|x86.Build.0 = Release|Any CPU
		{07082D33-D6B9-4F81-B628-18D0A66E5CAC}.Release|x86.Deploy.0 = Release|Any CPU
	EndGlobalSection
	GlobalSection(SolutionProperties) = preSolution
		HideSolutionNode = FALSE
	EndGlobalSection
	GlobalSection(ExtensibilityGlobals) = postSolution
		SolutionGuid = {A0130819-0BC7-4A9E-B054-BEAF3E5747D9}
	EndGlobalSection
EndGlobal
